
Microsoft Visual Studio Solution File, Format Version 12.00
# Visual Studio Version 17
VisualStudioVersion = 17.8.34511.84
MinimumVisualStudioVersion = 10.0.40219.1
Project("{FAE04EC0-301F-11D3-BF4B-00C04F79EFBC}") = "ProjetoMVC", "ProjetoMVC\ProjetoMVC.csproj", "{52941497-840F-47F4-8757-B94447509F0F}"
EndProject
Global
	GlobalSection(SolutionConfigurationPlatforms) = preSolution
		Debug|Any CPU = Debug|Any CPU
		Release|Any CPU = Release|Any CPU
	EndGlobalSection
	GlobalSection(ProjectConfigurationPlatforms) = postSolution
		{52941497-840F-47F4-8757-B94447509F0F}.Debug|Any CPU.ActiveCfg = Debug|Any CPU
		{52941497-840F-47F4-8757-B94447509F0F}.Debug|Any CPU.Build.0 = Debug|Any CPU
		{52941497-840F-47F4-8757-B94447509F0F}.Release|Any CPU.ActiveCfg = Release|Any CPU
		{52941497-840F-47F4-8757-B94447509F0F}.Release|Any CPU.Build.0 = Release|Any CPU
	EndGlobalSection
	GlobalSection(SolutionProperties) = preSolution
		HideSolutionNode = FALSE
	EndGlobalSection
	GlobalSection(ExtensibilityGlobals) = postSolution
		SolutionGuid = {F75D794F-3071-42F2-8DE3-B4C0C3B05429}
	EndGlobalSection
EndGlobal
